<?xml version="1.0" encoding="utf-8"?>
<Project ToolsVersion="4.0" xmlns="http://schemas.microsoft.com/developer/msbuild/2003">
  <ItemGroup>
    <Filter Include="Damsel">
      <UniqueIdentifier>{5BD496AD-4776-C183-3031-D5D71C7248D4}</UniqueIdentifier>
    </Filter>
  </ItemGroup>
  <ItemGroup>
    <ClInclude Include="src\Damsel.h" />
    <ClInclude Include="src\Damsel\Core.h">
      <Filter>Damsel</Filter>
    </ClInclude>
    <ClInclude Include="src\Damsel\Logger.h">
      <Filter>Damsel</Filter>
    </ClInclude>
  </ItemGroup>
  <ItemGroup>
    <ClCompile Include="src\Damsel\Logger.cpp">
      <Filter>Damsel</Filter>
    </ClCompile>
  </ItemGroup>
</Project>